
Microsoft Visual Studio Solution File, Format Version 12.00
# Visual Studio 2015
Project("{FAE04EC0-301F-11D3-BF4B-00C04F79EFBC}") = "Blitzball.CSharp", "Blitzball.CSharp.csproj", "{67343168-7BE4-7AE7-A463-53CC2603FFC3}"
EndProject
Global
	GlobalSection(SolutionConfigurationPlatforms) = preSolution
		Debug|Any CPU = Debug|Any CPU
		Release|Any CPU = Release|Any CPU
	EndGlobalSection
	GlobalSection(ProjectConfigurationPlatforms) = postSolution
		{67343168-7BE4-7AE7-A463-53CC2603FFC3}.Debug|Any CPU.ActiveCfg = Debug|Any CPU
		{67343168-7BE4-7AE7-A463-53CC2603FFC3}.Debug|Any CPU.Build.0 = Debug|Any CPU
		{67343168-7BE4-7AE7-A463-53CC2603FFC3}.Release|Any CPU.ActiveCfg = Release|Any CPU
		{67343168-7BE4-7AE7-A463-53CC2603FFC3}.Release|Any CPU.Build.0 = Release|Any CPU
	EndGlobalSection
	GlobalSection(SolutionProperties) = preSolution
		HideSolutionNode = FALSE
	EndGlobalSection
EndGlobal
